Microsoft Visual Studio Solution File, Format Version 12.00
# Visual Studio Version 17
VisualStudioVersion = 17.13.36105.23
MinimumVisualStudioVersion = 10.0.40219.1
Project("{FAE04EC0-301F-11D3-BF4B-00C04F79EFBC}") = "Meetups.WebApp", "Meetups.WebApp\Meetups.WebApp.csproj", "{99AC86DE-B6D6-48A7-9224-F4FEAF62EE8B}"
EndProject
Global
	GlobalSection(SolutionConfigurationPlatforms) = preSolution
		Debug|Any CPU = Debug|Any CPU
		Release|Any CPU = Release|Any CPU
	EndGlobalSection
	GlobalSection(ProjectConfigurationPlatforms) = postSolution
		{99AC86DE-B6D6-48A7-9224-F4FEAF62EE8B}.Debug|Any CPU.ActiveCfg = Debug|Any CPU
		{99AC86DE-B6D6-48A7-9224-F4FEAF62EE8B}.Debug|Any CPU.Build.0 = Debug|Any CPU
		{99AC86DE-B6D6-48A7-9224-F4FEAF62EE8B}.Release|Any CPU.ActiveCfg = Release|Any CPU
		{99AC86DE-B6D6-48A7-9224-F4FEAF62EE8B}.Release|Any CPU.Build.0 = Release|Any CPU
	EndGlobalSection
	GlobalSection(SolutionProperties) = preSolution
		HideSolutionNode = FALSE
	EndGlobalSection
	GlobalSection(ExtensibilityGlobals) = postSolution
		SolutionGuid = {B60EDBD0-7B8E-4BBE-9E00-05194776AE34}
	EndGlobalSection
EndGlobal
